// !$*UTF8*$!
{
	archiveVersion = 1;
	classes = {
	};
	objectVersion = 56;
	objects = {

/* Begin PBXBuildFile section */
		150D3DA42B790457002C9C7A /* FavGameRow.swift in Sources */ = {isa = PBXBuildFile; fileRef = 150D3DA32B790457002C9C7A /* FavGameRow.swift */; };
		15537F322B4460CA0090B66E /* DetailProfile.swift in Sources */ = {isa = PBXBuildFile; fileRef = 15537F312B4460CA0090B66E /* DetailProfile.swift */; };
		15537F342B44610F0090B66E /* CircleImage.swift in Sources */ = {isa = PBXBuildFile; fileRef = 15537F332B44610F0090B66E /* CircleImage.swift */; };
		156A39992B6F603E000D61BF /* FavouriteScreenView.swift in Sources */ = {isa = PBXBuildFile; fileRef = 156A39982B6F603E000D61BF /* FavouriteScreenView.swift */; };
		156A399D2B6F72F5000D61BF /* GameFavouriteData.xcdatamodeld in Sources */ = {isa = PBXBuildFile; fileRef = 156A399B2B6F72F5000D61BF /* GameFavouriteData.xcdatamodeld */; };
		156A399F2B6F8C3B000D61BF /* FavProvider.swift in Sources */ = {isa = PBXBuildFile; fileRef = 156A399E2B6F8C3B000D61BF /* FavProvider.swift */; };
		156A39A12B6F962B000D61BF /* FavModel.swift in Sources */ = {isa = PBXBuildFile; fileRef = 156A39A02B6F962B000D61BF /* FavModel.swift */; };
		158606362CA2F4F000659E8F /* LocalGameData.xcdatamodeld in Sources */ = {isa = PBXBuildFile; fileRef = 158606342CA2F4F000659E8F /* LocalGameData.xcdatamodeld */; };
		158606382CA2F5C000659E8F /* LocalDataProvider.swift in Sources */ = {isa = PBXBuildFile; fileRef = 158606372CA2F5C000659E8F /* LocalDataProvider.swift */; };
		158B48302B1CB8E500A39FD7 /* ImageDownloader.swift in Sources */ = {isa = PBXBuildFile; fileRef = 158B482F2B1CB8E500A39FD7 /* ImageDownloader.swift */; };
		158B48322B1CBB0E00A39FD7 /* GameRow.swift in Sources */ = {isa = PBXBuildFile; fileRef = 158B48312B1CBB0E00A39FD7 /* GameRow.swift */; };
		158B48342B1CDB4200A39FD7 /* GameList.swift in Sources */ = {isa = PBXBuildFile; fileRef = 158B48332B1CDB4200A39FD7 /* GameList.swift */; };
		158B48362B1CE04D00A39FD7 /* GameDetailView.swift in Sources */ = {isa = PBXBuildFile; fileRef = 158B48352B1CE04D00A39FD7 /* GameDetailView.swift */; };
		15D0609C2C89EDD4009B798A /* ProfileDataSourceProtocol.swift in Sources */ = {isa = PBXBuildFile; fileRef = 15D0609B2C89EDD4009B798A /* ProfileDataSourceProtocol.swift */; };
		15D0609F2C89F137009B798A /* UserEntity.swift in Sources */ = {isa = PBXBuildFile; fileRef = 15D0609E2C89F137009B798A /* UserEntity.swift */; };
		15D060A12C89F352009B798A /* ProfileUseCase.swift in Sources */ = {isa = PBXBuildFile; fileRef = 15D060A02C89F352009B798A /* ProfileUseCase.swift */; };
		15D060A32C89F469009B798A /* ProfileInteractor.swift in Sources */ = {isa = PBXBuildFile; fileRef = 15D060A22C89F469009B798A /* ProfileInteractor.swift */; };
		15D060A52C89F502009B798A /* ProfileRepositoryProtocol.swift in Sources */ = {isa = PBXBuildFile; fileRef = 15D060A42C89F502009B798A /* ProfileRepositoryProtocol.swift */; };
		15D060A72C89FC6D009B798A /* ProfileRepository.swift in Sources */ = {isa = PBXBuildFile; fileRef = 15D060A62C89FC6D009B798A /* ProfileRepository.swift */; };
		15D060A92C89FD82009B798A /* ProfileDataSource.swift in Sources */ = {isa = PBXBuildFile; fileRef = 15D060A82C89FD82009B798A /* ProfileDataSource.swift */; };
		15D060AB2C8A00CB009B798A /* ProfilePresenterProtocol.swift in Sources */ = {isa = PBXBuildFile; fileRef = 15D060AA2C8A00CB009B798A /* ProfilePresenterProtocol.swift */; };
		15D060AD2C8A0127009B798A /* ProfilePresenter.swift in Sources */ = {isa = PBXBuildFile; fileRef = 15D060AC2C8A0127009B798A /* ProfilePresenter.swift */; };
		15D060B02C8CA35B009B798A /* Injection.swift in Sources */ = {isa = PBXBuildFile; fileRef = 15D060AF2C8CA35B009B798A /* Injection.swift */; };
		15D060B32C8DA726009B798A /* GameListResponse.swift in Sources */ = {isa = PBXBuildFile; fileRef = 15D060B22C8DA726009B798A /* GameListResponse.swift */; };
		15D060B62C8DAF97009B798A /* RemoteDataSource.swift in Sources */ = {isa = PBXBuildFile; fileRef = 15D060B52C8DAF97009B798A /* RemoteDataSource.swift */; };
		15D060B92C8F40AC009B798A /* Alamofire in Frameworks */ = {isa = PBXBuildFile; productRef = 15D060B82C8F40AC009B798A /* Alamofire */; };
		15D060BD2C8F4495009B798A /* API.swift in Sources */ = {isa = PBXBuildFile; fileRef = 15D060BC2C8F4495009B798A /* API.swift */; };
		15D060C72C90AAF6009B798A /* GameRepository.swift in Sources */ = {isa = PBXBuildFile; fileRef = 15D060C62C90AAF6009B798A /* GameRepository.swift */; };
		15D0AD6D2AD2B98D0057B143 /* GameModelData.swift in Sources */ = {isa = PBXBuildFile; fileRef = 15D0AD6C2AD2B98C0057B143 /* GameModelData.swift */; };
		15D0AD6F2AD2BC270057B143 /* NetworkService.swift in Sources */ = {isa = PBXBuildFile; fileRef = 15D0AD6E2AD2BC270057B143 /* NetworkService.swift */; };
		15E4E8572ACB0860007BD793 /* GameListApp.swift in Sources */ = {isa = PBXBuildFile; fileRef = 15E4E8562ACB0860007BD793 /* GameListApp.swift */; };
		15E4E85B2ACB0861007BD793 /* Assets.xcassets in Resources */ = {isa = PBXBuildFile; fileRef = 15E4E85A2ACB0861007BD793 /* Assets.xcassets */; };
		15E4E85E2ACB0861007BD793 /* Preview Assets.xcassets in Resources */ = {isa = PBXBuildFile; fileRef = 15E4E85D2ACB0861007BD793 /* Preview Assets.xcassets */; };
		15E4E8672ACB0FE8007BD793 /* SplashScreenView.swift in Sources */ = {isa = PBXBuildFile; fileRef = 15E4E8662ACB0FE8007BD793 /* SplashScreenView.swift */; };
		15E4E8692ACB1291007BD793 /* HomeScreenView.swift in Sources */ = {isa = PBXBuildFile; fileRef = 15E4E8682ACB1291007BD793 /* HomeScreenView.swift */; };
/* End PBXBuildFile section */

/* Begin PBXCopyFilesBuildPhase section */
		15D060C22C90A396009B798A /* Embed Frameworks */ = {
			isa = PBXCopyFilesBuildPhase;
			buildActionMask = 2147483647;
			dstPath = "";
			dstSubfolderSpec = 10;
			files = (
			);
			name = "Embed Frameworks";
			runOnlyForDeploymentPostprocessing = 0;
		};
/* End PBXCopyFilesBuildPhase section */

/* Begin PBXFileReference section */
		150D3DA32B790457002C9C7A /* FavGameRow.swift */ = {isa = PBXFileReference; lastKnownFileType = sourcecode.swift; path = FavGameRow.swift; sourceTree = "<group>"; };
		15537F312B4460CA0090B66E /* DetailProfile.swift */ = {isa = PBXFileReference; lastKnownFileType = sourcecode.swift; path = DetailProfile.swift; sourceTree = "<group>"; };
		15537F332B44610F0090B66E /* CircleImage.swift */ = {isa = PBXFileReference; lastKnownFileType = sourcecode.swift; path = CircleImage.swift; sourceTree = "<group>"; };
		156A39982B6F603E000D61BF /* FavouriteScreenView.swift */ = {isa = PBXFileReference; lastKnownFileType = sourcecode.swift; path = FavouriteScreenView.swift; sourceTree = "<group>"; };
		156A399C2B6F72F5000D61BF /* GameProvider.xcdatamodel */ = {isa = PBXFileReference; lastKnownFileType = wrapper.xcdatamodel; path = GameProvider.xcdatamodel; sourceTree = "<group>"; };
		156A399E2B6F8C3B000D61BF /* FavProvider.swift */ = {isa = PBXFileReference; lastKnownFileType = sourcecode.swift; path = FavProvider.swift; sourceTree = "<group>"; };
		156A39A02B6F962B000D61BF /* FavModel.swift */ = {isa = PBXFileReference; lastKnownFileType = sourcecode.swift; path = FavModel.swift; sourceTree = "<group>"; };
		158606352CA2F4F000659E8F /* LocalGameData.xcdatamodel */ = {isa = PBXFileReference; lastKnownFileType = wrapper.xcdatamodel; path = LocalGameData.xcdatamodel; sourceTree = "<group>"; };
		158606372CA2F5C000659E8F /* LocalDataProvider.swift */ = {isa = PBXFileReference; lastKnownFileType = sourcecode.swift; path = LocalDataProvider.swift; sourceTree = "<group>"; };
		158B482F2B1CB8E500A39FD7 /* ImageDownloader.swift */ = {isa = PBXFileReference; lastKnownFileType = sourcecode.swift; path = ImageDownloader.swift; sourceTree = "<group>"; };
		158B48312B1CBB0E00A39FD7 /* GameRow.swift */ = {isa = PBXFileReference; lastKnownFileType = sourcecode.swift; path = GameRow.swift; sourceTree = "<group>"; };
		158B48332B1CDB4200A39FD7 /* GameList.swift */ = {isa = PBXFileReference; lastKnownFileType = sourcecode.swift; path = GameList.swift; sourceTree = "<group>"; };
		158B48352B1CE04D00A39FD7 /* GameDetailView.swift */ = {isa = PBXFileReference; lastKnownFileType = sourcecode.swift; path = GameDetailView.swift; sourceTree = "<group>"; };
		15D0609B2C89EDD4009B798A /* ProfileDataSourceProtocol.swift */ = {isa = PBXFileReference; lastKnownFileType = sourcecode.swift; path = ProfileDataSourceProtocol.swift; sourceTree = "<group>"; };
		15D0609E2C89F137009B798A /* UserEntity.swift */ = {isa = PBXFileReference; lastKnownFileType = sourcecode.swift; path = UserEntity.swift; sourceTree = "<group>"; };
		15D060A02C89F352009B798A /* ProfileUseCase.swift */ = {isa = PBXFileReference; lastKnownFileType = sourcecode.swift; path = ProfileUseCase.swift; sourceTree = "<group>"; };
		15D060A22C89F469009B798A /* ProfileInteractor.swift */ = {isa = PBXFileReference; lastKnownFileType = sourcecode.swift; path = ProfileInteractor.swift; sourceTree = "<group>"; };
		15D060A42C89F502009B798A /* ProfileRepositoryProtocol.swift */ = {isa = PBXFileReference; lastKnownFileType = sourcecode.swift; path = ProfileRepositoryProtocol.swift; sourceTree = "<group>"; };
		15D060A62C89FC6D009B798A /* ProfileRepository.swift */ = {isa = PBXFileReference; lastKnownFileType = sourcecode.swift; path = ProfileRepository.swift; sourceTree = "<group>"; };
		15D060A82C89FD82009B798A /* ProfileDataSource.swift */ = {isa = PBXFileReference; lastKnownFileType = sourcecode.swift; path = ProfileDataSource.swift; sourceTree = "<group>"; };
		15D060AA2C8A00CB009B798A /* ProfilePresenterProtocol.swift */ = {isa = PBXFileReference; lastKnownFileType = sourcecode.swift; path = ProfilePresenterProtocol.swift; sourceTree = "<group>"; };
		15D060AC2C8A0127009B798A /* ProfilePresenter.swift */ = {isa = PBXFileReference; lastKnownFileType = sourcecode.swift; path = ProfilePresenter.swift; sourceTree = "<group>"; };
		15D060AF2C8CA35B009B798A /* Injection.swift */ = {isa = PBXFileReference; lastKnownFileType = sourcecode.swift; path = Injection.swift; sourceTree = "<group>"; };
		15D060B22C8DA726009B798A /* GameListResponse.swift */ = {isa = PBXFileReference; lastKnownFileType = sourcecode.swift; path = GameListResponse.swift; sourceTree = "<group>"; };
		15D060B52C8DAF97009B798A /* RemoteDataSource.swift */ = {isa = PBXFileReference; lastKnownFileType = sourcecode.swift; path = RemoteDataSource.swift; sourceTree = "<group>"; };
		15D060BC2C8F4495009B798A /* API.swift */ = {isa = PBXFileReference; lastKnownFileType = sourcecode.swift; path = API.swift; sourceTree = "<group>"; };
		15D060C62C90AAF6009B798A /* GameRepository.swift */ = {isa = PBXFileReference; lastKnownFileType = sourcecode.swift; path = GameRepository.swift; sourceTree = "<group>"; };
		15D0AD6C2AD2B98C0057B143 /* GameModelData.swift */ = {isa = PBXFileReference; lastKnownFileType = sourcecode.swift; path = GameModelData.swift; sourceTree = "<group>"; };
		15D0AD6E2AD2BC270057B143 /* NetworkService.swift */ = {isa = PBXFileReference; lastKnownFileType = sourcecode.swift; path = NetworkService.swift; sourceTree = "<group>"; };
		15E4E8532ACB0860007BD793 /* GameList.app */ = {isa = PBXFileReference; explicitFileType = wrapper.application; includeInIndex = 0; path = GameList.app; sourceTree = BUILT_PRODUCTS_DIR; };
		15E4E8562ACB0860007BD793 /* GameListApp.swift */ = {isa = PBXFileReference; lastKnownFileType = sourcecode.swift; path = GameListApp.swift; sourceTree = "<group>"; };
		15E4E85A2ACB0861007BD793 /* Assets.xcassets */ = {isa = PBXFileReference; lastKnownFileType = folder.assetcatalog; path = Assets.xcassets; sourceTree = "<group>"; };
		15E4E85D2ACB0861007BD793 /* Preview Assets.xcassets */ = {isa = PBXFileReference; lastKnownFileType = folder.assetcatalog; path = "Preview Assets.xcassets"; sourceTree = "<group>"; };
		15E4E8662ACB0FE8007BD793 /* SplashScreenView.swift */ = {isa = PBXFileReference; lastKnownFileType = sourcecode.swift; path = SplashScreenView.swift; sourceTree = "<group>"; };
		15E4E8682ACB1291007BD793 /* HomeScreenView.swift */ = {isa = PBXFileReference; lastKnownFileType = sourcecode.swift; path = HomeScreenView.swift; sourceTree = "<group>"; };
/* End PBXFileReference section */

/* Begin PBXFrameworksBuildPhase section */
		15E4E8502ACB0860007BD793 /* Frameworks */ = {
			isa = PBXFrameworksBuildPhase;
			buildActionMask = 2147483647;
			files = (
				15D060B92C8F40AC009B798A /* Alamofire in Frameworks */,
			);
			runOnlyForDeploymentPostprocessing = 0;
		};
/* End PBXFrameworksBuildPhase section */

/* Begin PBXGroup section */
		1554B1B52C844F5900D6F33B /* Presentation */ = {
			isa = PBXGroup;
			children = (
				156B1E152C860A280077AD9A /* Favourite */,
				156B1E142C8609770077AD9A /* Profile */,
				156B1E132C86096B0077AD9A /* Detail */,
				15E4E8652ACB0FA9007BD793 /* Home */,
				15E4E8662ACB0FE8007BD793 /* SplashScreenView.swift */,
			);
			path = Presentation;
			sourceTree = "<group>";
		};
		1554B1B62C844F6C00D6F33B /* Domain */ = {
			isa = PBXGroup;
			children = (
				15657B412B43121D00AB980B /* Model */,
			);
			path = Domain;
			sourceTree = "<group>";
		};
		1554B1B72C844F8700D6F33B /* Data */ = {
			isa = PBXGroup;
			children = (
				155E68F12C874F7C00863C04 /* Remote */,
				156A399A2B6F72B9000D61BF /* Local */,
				15D060C62C90AAF6009B798A /* GameRepository.swift */,
			);
			path = Data;
			sourceTree = "<group>";
		};
		155E68F02C874F2C00863C04 /* Utility */ = {
			isa = PBXGroup;
			children = (
				15D0AD6A2AD28CB40057B143 /* Network */,
			);
			path = Utility;
			sourceTree = "<group>";
		};
		155E68F12C874F7C00863C04 /* Remote */ = {
			isa = PBXGroup;
			children = (
				15D060B12C8DA6A6009B798A /* Response */,
				15D060B52C8DAF97009B798A /* RemoteDataSource.swift */,
			);
			path = Remote;
			sourceTree = "<group>";
		};
		15657B412B43121D00AB980B /* Model */ = {
			isa = PBXGroup;
			children = (
				15D0609D2C89F0F5009B798A /* UserModel */,
				15D0AD6C2AD2B98C0057B143 /* GameModelData.swift */,
				156A39A02B6F962B000D61BF /* FavModel.swift */,
			);
			path = Model;
			sourceTree = "<group>";
		};
		156A399A2B6F72B9000D61BF /* Local */ = {
			isa = PBXGroup;
			children = (
				158606342CA2F4F000659E8F /* LocalGameData.xcdatamodeld */,
				158606372CA2F5C000659E8F /* LocalDataProvider.swift */,
				15D060B42C8DAA13009B798A /* FavouriteData */,
				15D0609A2C89ED06009B798A /* ProfileData */,
			);
			path = Local;
			sourceTree = "<group>";
		};
		156B1E132C86096B0077AD9A /* Detail */ = {
			isa = PBXGroup;
			children = (
				158B48352B1CE04D00A39FD7 /* GameDetailView.swift */,
			);
			path = Detail;
			sourceTree = "<group>";
		};
		156B1E142C8609770077AD9A /* Profile */ = {
			isa = PBXGroup;
			children = (
				15537F332B44610F0090B66E /* CircleImage.swift */,
				15537F312B4460CA0090B66E /* DetailProfile.swift */,
				15D060AA2C8A00CB009B798A /* ProfilePresenterProtocol.swift */,
				15D060AC2C8A0127009B798A /* ProfilePresenter.swift */,
			);
			path = Profile;
			sourceTree = "<group>";
		};
		156B1E152C860A280077AD9A /* Favourite */ = {
			isa = PBXGroup;
			children = (
				156A39982B6F603E000D61BF /* FavouriteScreenView.swift */,
				150D3DA32B790457002C9C7A /* FavGameRow.swift */,
			);
			path = Favourite;
			sourceTree = "<group>";
		};
		15D0609A2C89ED06009B798A /* ProfileData */ = {
			isa = PBXGroup;
			children = (
				15D0609B2C89EDD4009B798A /* ProfileDataSourceProtocol.swift */,
				15D060A42C89F502009B798A /* ProfileRepositoryProtocol.swift */,
				15D060A62C89FC6D009B798A /* ProfileRepository.swift */,
				15D060A82C89FD82009B798A /* ProfileDataSource.swift */,
			);
			path = ProfileData;
			sourceTree = "<group>";
		};
		15D0609D2C89F0F5009B798A /* UserModel */ = {
			isa = PBXGroup;
			children = (
				15D0609E2C89F137009B798A /* UserEntity.swift */,
				15D060A02C89F352009B798A /* ProfileUseCase.swift */,
				15D060A22C89F469009B798A /* ProfileInteractor.swift */,
			);
			path = UserModel;
			sourceTree = "<group>";
		};
		15D060AE2C8C9D4F009B798A /* DependencyInjection */ = {
			isa = PBXGroup;
			children = (
				15D060AF2C8CA35B009B798A /* Injection.swift */,
			);
			path = DependencyInjection;
			sourceTree = "<group>";
		};
		15D060B12C8DA6A6009B798A /* Response */ = {
			isa = PBXGroup;
			children = (
				15D060B22C8DA726009B798A /* GameListResponse.swift */,
			);
			path = Response;
			sourceTree = "<group>";
		};
		15D060B42C8DAA13009B798A /* FavouriteData */ = {
			isa = PBXGroup;
			children = (
				156A399B2B6F72F5000D61BF /* GameFavouriteData.xcdatamodeld */,
				156A399E2B6F8C3B000D61BF /* FavProvider.swift */,
			);
			path = FavouriteData;
			sourceTree = "<group>";
		};
		15D060BE2C90A396009B798A /* Frameworks */ = {
			isa = PBXGroup;
			children = (
			);
			name = Frameworks;
			sourceTree = "<group>";
		};
		15D0AD6A2AD28CB40057B143 /* Network */ = {
			isa = PBXGroup;
			children = (
				158B482F2B1CB8E500A39FD7 /* ImageDownloader.swift */,
				15D0AD6E2AD2BC270057B143 /* NetworkService.swift */,
				15D060BC2C8F4495009B798A /* API.swift */,
			);
			path = Network;
			sourceTree = "<group>";
		};
		15E4E84A2ACB0860007BD793 = {
			isa = PBXGroup;
			children = (
				15E4E8552ACB0860007BD793 /* GameList */,
				15E4E8542ACB0860007BD793 /* Products */,
				15D060BE2C90A396009B798A /* Frameworks */,
			);
			sourceTree = "<group>";
		};
		15E4E8542ACB0860007BD793 /* Products */ = {
			isa = PBXGroup;
			children = (
				15E4E8532ACB0860007BD793 /* GameList.app */,
			);
			name = Products;
			sourceTree = "<group>";
		};
		15E4E8552ACB0860007BD793 /* GameList */ = {
			isa = PBXGroup;
			children = (
				15D060AE2C8C9D4F009B798A /* DependencyInjection */,
				155E68F02C874F2C00863C04 /* Utility */,
				1554B1B72C844F8700D6F33B /* Data */,
				1554B1B62C844F6C00D6F33B /* Domain */,
				1554B1B52C844F5900D6F33B /* Presentation */,
				15E4E8562ACB0860007BD793 /* GameListApp.swift */,
				15E4E85A2ACB0861007BD793 /* Assets.xcassets */,
				15E4E85C2ACB0861007BD793 /* Preview Content */,
			);
			path = GameList;
			sourceTree = "<group>";
		};
		15E4E85C2ACB0861007BD793 /* Preview Content */ = {
			isa = PBXGroup;
			children = (
				15E4E85D2ACB0861007BD793 /* Preview Assets.xcassets */,
			);
			path = "Preview Content";
			sourceTree = "<group>";
		};
		15E4E8652ACB0FA9007BD793 /* Home */ = {
			isa = PBXGroup;
			children = (
				15E4E8682ACB1291007BD793 /* HomeScreenView.swift */,
				158B48312B1CBB0E00A39FD7 /* GameRow.swift */,
				158B48332B1CDB4200A39FD7 /* GameList.swift */,
			);
			path = Home;
			sourceTree = "<group>";
		};
/* End PBXGroup section */

/* Begin PBXNativeTarget section */
		15E4E8522ACB0860007BD793 /* GameList */ = {
			isa = PBXNativeTarget;
			buildConfigurationList = 15E4E8612ACB0861007BD793 /* Build configuration list for PBXNativeTarget "GameList" */;
			buildPhases = (
				15E4E84F2ACB0860007BD793 /* Sources */,
				15E4E8502ACB0860007BD793 /* Frameworks */,
				15E4E8512ACB0860007BD793 /* Resources */,
				15D060C22C90A396009B798A /* Embed Frameworks */,
			);
			buildRules = (
			);
			dependencies = (
			);
			name = GameList;
			packageProductDependencies = (
				15D060B82C8F40AC009B798A /* Alamofire */,
			);
			productName = GameList;
			productReference = 15E4E8532ACB0860007BD793 /* GameList.app */;
			productType = "com.apple.product-type.application";
		};
/* End PBXNativeTarget section */

/* Begin PBXProject section */
		15E4E84B2ACB0860007BD793 /* Project object */ = {
			isa = PBXProject;
			attributes = {
				BuildIndependentTargetsInParallel = 1;
				LastSwiftUpdateCheck = 1430;
				LastUpgradeCheck = 1430;
				TargetAttributes = {
					15E4E8522ACB0860007BD793 = {
						CreatedOnToolsVersion = 14.3.1;
					};
				};
			};
			buildConfigurationList = 15E4E84E2ACB0860007BD793 /* Build configuration list for PBXProject "GameList" */;
			compatibilityVersion = "Xcode 14.0";
			developmentRegion = en;
			hasScannedForEncodings = 0;
			knownRegions = (
				en,
				Base,
			);
			mainGroup = 15E4E84A2ACB0860007BD793;
			packageReferences = (
				15D060B72C8F40AC009B798A /* XCRemoteSwiftPackageReference "Alamofire" */,
			);
			productRefGroup = 15E4E8542ACB0860007BD793 /* Products */;
			projectDirPath = "";
			projectRoot = "";
			targets = (
				15E4E8522ACB0860007BD793 /* GameList */,
			);
		};
/* End PBXProject section */

/* Begin PBXResourcesBuildPhase section */
		15E4E8512ACB0860007BD793 /* Resources */ = {
			isa = PBXResourcesBuildPhase;
			buildActionMask = 2147483647;
			files = (
				15E4E85E2ACB0861007BD793 /* Preview Assets.xcassets in Resources */,
				15E4E85B2ACB0861007BD793 /* Assets.xcassets in Resources */,
			);
			runOnlyForDeploymentPostprocessing = 0;
		};
/* End PBXResourcesBuildPhase section */

/* Begin PBXSourcesBuildPhase section */
		15E4E84F2ACB0860007BD793 /* Sources */ = {
			isa = PBXSourcesBuildPhase;
			buildActionMask = 2147483647;
			files = (
				15D0609C2C89EDD4009B798A /* ProfileDataSourceProtocol.swift in Sources */,
				15D0AD6F2AD2BC270057B143 /* NetworkService.swift in Sources */,
				158606382CA2F5C000659E8F /* LocalDataProvider.swift in Sources */,
				15D060A32C89F469009B798A /* ProfileInteractor.swift in Sources */,
				15E4E8672ACB0FE8007BD793 /* SplashScreenView.swift in Sources */,
				15D060AB2C8A00CB009B798A /* ProfilePresenterProtocol.swift in Sources */,
				15E4E8572ACB0860007BD793 /* GameListApp.swift in Sources */,
				15E4E8692ACB1291007BD793 /* HomeScreenView.swift in Sources */,
				156A39992B6F603E000D61BF /* FavouriteScreenView.swift in Sources */,
				15D060B62C8DAF97009B798A /* RemoteDataSource.swift in Sources */,
				15537F322B4460CA0090B66E /* DetailProfile.swift in Sources */,
				158B48302B1CB8E500A39FD7 /* ImageDownloader.swift in Sources */,
				15D0AD6D2AD2B98D0057B143 /* GameModelData.swift in Sources */,
				158B48362B1CE04D00A39FD7 /* GameDetailView.swift in Sources */,
				156A39A12B6F962B000D61BF /* FavModel.swift in Sources */,
				15D060BD2C8F4495009B798A /* API.swift in Sources */,
				15D060B02C8CA35B009B798A /* Injection.swift in Sources */,
				150D3DA42B790457002C9C7A /* FavGameRow.swift in Sources */,
				15D060A72C89FC6D009B798A /* ProfileRepository.swift in Sources */,
				15537F342B44610F0090B66E /* CircleImage.swift in Sources */,
				15D0609F2C89F137009B798A /* UserEntity.swift in Sources */,
				156A399D2B6F72F5000D61BF /* GameFavouriteData.xcdatamodeld in Sources */,
				15D060AD2C8A0127009B798A /* ProfilePresenter.swift in Sources */,
				15D060A92C89FD82009B798A /* ProfileDataSource.swift in Sources */,
				15D060A52C89F502009B798A /* ProfileRepositoryProtocol.swift in Sources */,
				156A399F2B6F8C3B000D61BF /* FavProvider.swift in Sources */,
				15D060B32C8DA726009B798A /* GameListResponse.swift in Sources */,
				15D060A12C89F352009B798A /* ProfileUseCase.swift in Sources */,
				158606362CA2F4F000659E8F /* LocalGameData.xcdatamodeld in Sources */,
				15D060C72C90AAF6009B798A /* GameRepository.swift in Sources */,
				158B48322B1CBB0E00A39FD7 /* GameRow.swift in Sources */,
				158B48342B1CDB4200A39FD7 /* GameList.swift in Sources */,
			);
			runOnlyForDeploymentPostprocessing = 0;
		};
/* End PBXSourcesBuildPhase section */

/* Begin XCBuildConfiguration section */
		15E4E85F2ACB0861007BD793 /* Debug */ = {
			isa = XCBuildConfiguration;
			buildSettings = {
				ALWAYS_SEARCH_USER_PATHS = NO;
				CLANG_ANALYZER_NONNULL = YES;
				CLANG_ANALYZER_NUMBER_OBJECT_CONVERSION = YES_AGGRESSIVE;
				CLANG_CXX_LANGUAGE_STANDARD = "gnu++20";
				CLANG_ENABLE_MODULES = YES;
				CLANG_ENABLE_OBJC_ARC = YES;
				CLANG_ENABLE_OBJC_WEAK = YES;
				CLANG_WARN_BLOCK_CAPTURE_AUTORELEASING = YES;
				CLANG_WARN_BOOL_CONVERSION = YES;
				CLANG_WARN_COMMA = YES;
				CLANG_WARN_CONSTANT_CONVERSION = YES;
				CLANG_WARN_DEPRECATED_OBJC_IMPLEMENTATIONS = YES;
				CLANG_WARN_DIRECT_OBJC_ISA_USAGE = YES_ERROR;
				CLANG_WARN_DOCUMENTATION_COMMENTS = YES;
				CLANG_WARN_EMPTY_BODY = YES;
				CLANG_WARN_ENUM_CONVERSION = YES;
				CLANG_WARN_INFINITE_RECURSION = YES;
				CLANG_WARN_INT_CONVERSION = YES;
				CLANG_WARN_NON_LITERAL_NULL_CONVERSION = YES;
				CLANG_WARN_OBJC_IMPLICIT_RETAIN_SELF = YES;
				CLANG_WARN_OBJC_LITERAL_CONVERSION = YES;
				CLANG_WARN_OBJC_ROOT_CLASS = YES_ERROR;
				CLANG_WARN_QUOTED_INCLUDE_IN_FRAMEWORK_HEADER = YES;
				CLANG_WARN_RANGE_LOOP_ANALYSIS = YES;
				CLANG_WARN_STRICT_PROTOTYPES = YES;
				CLANG_WARN_SUSPICIOUS_MOVE = YES;
				CLANG_WARN_UNGUARDED_AVAILABILITY = YES_AGGRESSIVE;
				CLANG_WARN_UNREACHABLE_CODE = YES;
				CLANG_WARN__DUPLICATE_METHOD_MATCH = YES;
				COPY_PHASE_STRIP = NO;
				DEBUG_INFORMATION_FORMAT = dwarf;
				ENABLE_STRICT_OBJC_MSGSEND = YES;
				ENABLE_TESTABILITY = YES;
				GCC_C_LANGUAGE_STANDARD = gnu11;
				GCC_DYNAMIC_NO_PIC = NO;
				GCC_NO_COMMON_BLOCKS = YES;
				GCC_OPTIMIZATION_LEVEL = 0;
				GCC_PREPROCESSOR_DEFINITIONS = (
					"DEBUG=1",
					"$(inherited)",
				);
				GCC_WARN_64_TO_32_BIT_CONVERSION = YES;
				GCC_WARN_ABOUT_RETURN_TYPE = YES_ERROR;
				GCC_WARN_UNDECLARED_SELECTOR = YES;
				GCC_WARN_UNINITIALIZED_AUTOS = YES_AGGRESSIVE;
				GCC_WARN_UNUSED_FUNCTION = YES;
				GCC_WARN_UNUSED_VARIABLE = YES;
				IPHONEOS_DEPLOYMENT_TARGET = 16.4;
				MTL_ENABLE_DEBUG_INFO = INCLUDE_SOURCE;
				MTL_FAST_MATH = YES;
				ONLY_ACTIVE_ARCH = YES;
				SDKROOT = iphoneos;
				SWIFT_ACTIVE_COMPILATION_CONDITIONS = DEBUG;
				SWIFT_OPTIMIZATION_LEVEL = "-Onone";
			};
			name = Debug;
		};
		15E4E8602ACB0861007BD793 /* Release */ = {
			isa = XCBuildConfiguration;
			buildSettings = {
				ALWAYS_SEARCH_USER_PATHS = NO;
				CLANG_ANALYZER_NONNULL = YES;
				CLANG_ANALYZER_NUMBER_OBJECT_CONVERSION = YES_AGGRESSIVE;
				CLANG_CXX_LANGUAGE_STANDARD = "gnu++20";
				CLANG_ENABLE_MODULES = YES;
				CLANG_ENABLE_OBJC_ARC = YES;
				CLANG_ENABLE_OBJC_WEAK = YES;
				CLANG_WARN_BLOCK_CAPTURE_AUTORELEASING = YES;
				CLANG_WARN_BOOL_CONVERSION = YES;
				CLANG_WARN_COMMA = YES;
				CLANG_WARN_CONSTANT_CONVERSION = YES;
				CLANG_WARN_DEPRECATED_OBJC_IMPLEMENTATIONS = YES;
				CLANG_WARN_DIRECT_OBJC_ISA_USAGE = YES_ERROR;
				CLANG_WARN_DOCUMENTATION_COMMENTS = YES;
				CLANG_WARN_EMPTY_BODY = YES;
				CLANG_WARN_ENUM_CONVERSION = YES;
				CLANG_WARN_INFINITE_RECURSION = YES;
				CLANG_WARN_INT_CONVERSION = YES;
				CLANG_WARN_NON_LITERAL_NULL_CONVERSION = YES;
				CLANG_WARN_OBJC_IMPLICIT_RETAIN_SELF = YES;
				CLANG_WARN_OBJC_LITERAL_CONVERSION = YES;
				CLANG_WARN_OBJC_ROOT_CLASS = YES_ERROR;
				CLANG_WARN_QUOTED_INCLUDE_IN_FRAMEWORK_HEADER = YES;
				CLANG_WARN_RANGE_LOOP_ANALYSIS = YES;
				CLANG_WARN_STRICT_PROTOTYPES = YES;
				CLANG_WARN_SUSPICIOUS_MOVE = YES;
				CLANG_WARN_UNGUARDED_AVAILABILITY = YES_AGGRESSIVE;
				CLANG_WARN_UNREACHABLE_CODE = YES;
				CLANG_WARN__DUPLICATE_METHOD_MATCH = YES;
				COPY_PHASE_STRIP = NO;
				DEBUG_INFORMATION_FORMAT = "dwarf-with-dsym";
				ENABLE_NS_ASSERTIONS = NO;
				ENABLE_STRICT_OBJC_MSGSEND = YES;
				GCC_C_LANGUAGE_STANDARD = gnu11;
				GCC_NO_COMMON_BLOCKS = YES;
				GCC_WARN_64_TO_32_BIT_CONVERSION = YES;
				GCC_WARN_ABOUT_RETURN_TYPE = YES_ERROR;
				GCC_WARN_UNDECLARED_SELECTOR = YES;
				GCC_WARN_UNINITIALIZED_AUTOS = YES_AGGRESSIVE;
				GCC_WARN_UNUSED_FUNCTION = YES;
				GCC_WARN_UNUSED_VARIABLE = YES;
				IPHONEOS_DEPLOYMENT_TARGET = 16.4;
				MTL_ENABLE_DEBUG_INFO = NO;
				MTL_FAST_MATH = YES;
				SDKROOT = iphoneos;
				SWIFT_COMPILATION_MODE = wholemodule;
				SWIFT_OPTIMIZATION_LEVEL = "-O";
				VALIDATE_PRODUCT = YES;
			};
			name = Release;
		};
		15E4E8622ACB0861007BD793 /* Debug */ = {
			isa = XCBuildConfiguration;
			buildSettings = {
				ASSETCATALOG_COMPILER_APPICON_NAME = AppIcon;
				ASSETCATALOG_COMPILER_GLOBAL_ACCENT_COLOR_NAME = AccentColor;
				CODE_SIGN_STYLE = Automatic;
				CURRENT_PROJECT_VERSION = 1;
				DEVELOPMENT_ASSET_PATHS = "\"GameList/Preview Content\"";
				DEVELOPMENT_TEAM = 4L825DVWCB;
				ENABLE_PREVIEWS = YES;
				GENERATE_INFOPLIST_FILE = YES;
				INFOPLIST_KEY_UIApplicationSceneManifest_Generation = YES;
				INFOPLIST_KEY_UIApplicationSupportsIndirectInputEvents = YES;
				INFOPLIST_KEY_UILaunchScreen_Generation = YES;
				INFOPLIST_KEY_UISupportedInterfaceOrientations_iPad = "UIInterfaceOrientationPortrait UIInterfaceOrientationPortraitUpsideDown UIInterfaceOrientationLandscapeLeft UIInterfaceOrientationLandscapeRight";
				INFOPLIST_KEY_UISupportedInterfaceOrientations_iPhone = "UIInterfaceOrientationPortrait UIInterfaceOrientationLandscapeLeft UIInterfaceOrientationLandscapeRight";
				LD_RUNPATH_SEARCH_PATHS = (
					"$(inherited)",
					"@executable_path/Frameworks",
				);
				MARKETING_VERSION = 1.0;
				PRODUCT_BUNDLE_IDENTIFIER = com.topx.GameList;
				PRODUCT_NAME = "$(TARGET_NAME)";
				SWIFT_EMIT_LOC_STRINGS = YES;
				SWIFT_VERSION = 5.0;
				TARGETED_DEVICE_FAMILY = "1,2";
			};
			name = Debug;
		};
		15E4E8632ACB0861007BD793 /* Release */ = {
			isa = XCBuildConfiguration;
			buildSettings = {
				ASSETCATALOG_COMPILER_APPICON_NAME = AppIcon;
				ASSETCATALOG_COMPILER_GLOBAL_ACCENT_COLOR_NAME = AccentColor;
				CODE_SIGN_STYLE = Automatic;
				CURRENT_PROJECT_VERSION = 1;
				DEVELOPMENT_ASSET_PATHS = "\"GameList/Preview Content\"";
				DEVELOPMENT_TEAM = 4L825DVWCB;
				ENABLE_PREVIEWS = YES;
				GENERATE_INFOPLIST_FILE = YES;
				INFOPLIST_KEY_UIApplicationSceneManifest_Generation = YES;
				INFOPLIST_KEY_UIApplicationSupportsIndirectInputEvents = YES;
				INFOPLIST_KEY_UILaunchScreen_Generation = YES;
				INFOPLIST_KEY_UISupportedInterfaceOrientations_iPad = "UIInterfaceOrientationPortrait UIInterfaceOrientationPortraitUpsideDown UIInterfaceOrientationLandscapeLeft UIInterfaceOrientationLandscapeRight";
				INFOPLIST_KEY_UISupportedInterfaceOrientations_iPhone = "UIInterfaceOrientationPortrait UIInterfaceOrientationLandscapeLeft UIInterfaceOrientationLandscapeRight";
				LD_RUNPATH_SEARCH_PATHS = (
					"$(inherited)",
					"@executable_path/Frameworks",
				);
				MARKETING_VERSION = 1.0;
				PRODUCT_BUNDLE_IDENTIFIER = com.topx.GameList;
				PRODUCT_NAME = "$(TARGET_NAME)";
				SWIFT_EMIT_LOC_STRINGS = YES;
				SWIFT_VERSION = 5.0;
				TARGETED_DEVICE_FAMILY = "1,2";
			};
			name = Release;
		};
/* End XCBuildConfiguration section */

/* Begin XCConfigurationList section */
		15E4E84E2ACB0860007BD793 /* Build configuration list for PBXProject "GameList" */ = {
			isa = XCConfigurationList;
			buildConfigurations = (
				15E4E85F2ACB0861007BD793 /* Debug */,
				15E4E8602ACB0861007BD793 /* Release */,
			);
			defaultConfigurationIsVisible = 0;
			defaultConfigurationName = Release;
		};
		15E4E8612ACB0861007BD793 /* Build configuration list for PBXNativeTarget "GameList" */ = {
			isa = XCConfigurationList;
			buildConfigurations = (
				15E4E8622ACB0861007BD793 /* Debug */,
				15E4E8632ACB0861007BD793 /* Release */,
			);
			defaultConfigurationIsVisible = 0;
			defaultConfigurationName = Release;
		};
/* End XCConfigurationList section */

/* Begin XCRemoteSwiftPackageReference section */
		15D060B72C8F40AC009B798A /* XCRemoteSwiftPackageReference "Alamofire" */ = {
			isa = XCRemoteSwiftPackageReference;
			repositoryURL = "https://github.com/Alamofire/Alamofire";
			requirement = {
				kind = upToNextMajorVersion;
				minimumVersion = 5.9.1;
			};
		};
/* End XCRemoteSwiftPackageReference section */

/* Begin XCSwiftPackageProductDependency section */
		15D060B82C8F40AC009B798A /* Alamofire */ = {
			isa = XCSwiftPackageProductDependency;
			package = 15D060B72C8F40AC009B798A /* XCRemoteSwiftPackageReference "Alamofire" */;
			productName = Alamofire;
		};
/* End XCSwiftPackageProductDependency section */

/* Begin XCVersionGroup section */
		156A399B2B6F72F5000D61BF /* GameFavouriteData.xcdatamodeld */ = {
			isa = XCVersionGroup;
			children = (
				156A399C2B6F72F5000D61BF /* GameProvider.xcdatamodel */,
			);
			currentVersion = 156A399C2B6F72F5000D61BF /* GameProvider.xcdatamodel */;
			path = GameFavouriteData.xcdatamodeld;
			sourceTree = "<group>";
			versionGroupType = wrapper.xcdatamodel;
		};
		158606342CA2F4F000659E8F /* LocalGameData.xcdatamodeld */ = {
			isa = XCVersionGroup;
			children = (
				158606352CA2F4F000659E8F /* LocalGameData.xcdatamodel */,
			);
			currentVersion = 158606352CA2F4F000659E8F /* LocalGameData.xcdatamodel */;
			name = LocalGameData.xcdatamodeld;
			path = "/Users/taufiqqurohman/Desktop/iOS Dev/Submission Dicoding/GameList/GameList/GameList/Data/Local/LocalGameData.xcdatamodeld";
			sourceTree = "<group>";
			versionGroupType = wrapper.xcdatamodel;
		};
/* End XCVersionGroup section */
	};
	rootObject = 15E4E84B2ACB0860007BD793 /* Project object */;
}
